
Microsoft Visual Studio Solution File, Format Version 12.00
# Visual Studio Version 17
VisualStudioVersion = 17.11.35327.3
MinimumVisualStudioVersion = 10.0.40219.1
Project("{FAE04EC0-301F-11D3-BF4B-00C04F79EFBC}") = "SOLID_PRINCIPLE_12_NOV", "SOLID_PRINCIPLE_12_NOV.csproj", "{1E8BC312-2D18-419C-9FBA-C3290C18C4A5}"
EndProject
Global
	GlobalSection(SolutionConfigurationPlatforms) = preSolution
		Debug|Any CPU = Debug|Any CPU
		Release|Any CPU = Release|Any CPU
	EndGlobalSection
	GlobalSection(ProjectConfigurationPlatforms) = postSolution
		{1E8BC312-2D18-419C-9FBA-C3290C18C4A5}.Debug|Any CPU.ActiveCfg = Debug|Any CPU
		{1E8BC312-2D18-419C-9FBA-C3290C18C4A5}.Debug|Any CPU.Build.0 = Debug|Any CPU
		{1E8BC312-2D18-419C-9FBA-C3290C18C4A5}.Release|Any CPU.ActiveCfg = Release|Any CPU
		{1E8BC312-2D18-419C-9FBA-C3290C18C4A5}.Release|Any CPU.Build.0 = Release|Any CPU
	EndGlobalSection
	GlobalSection(SolutionProperties) = preSolution
		HideSolutionNode = FALSE
	EndGlobalSection
	GlobalSection(ExtensibilityGlobals) = postSolution
		SolutionGuid = {EBFD8C78-7BC5-4B39-9B53-B7D5A2D4E32B}
	EndGlobalSection
EndGlobal
